
Microsoft Visual Studio Solution File, Format Version 12.00
# Visual Studio Version 16
VisualStudioVersion = 16.0.31129.286
MinimumVisualStudioVersion = 10.0.40219.1
Project("{FAE04EC0-301F-11D3-BF4B-00C04F79EFBC}") = "VPlatesAutomation.NUnitTest", "VPlatesAutomation.NUnitTest\VPlatesAutomation.NUnitTest.csproj", "{9BD61E01-19BC-447C-A0E1-4093B2490DD0}"
EndProject
Project("{FAE04EC0-301F-11D3-BF4B-00C04F79EFBC}") = "VPlatesAutomation.WebApp", "VPlatesAutomation.WebApp\VPlatesAutomation.WebApp.csproj", "{ED5D430F-E0FB-488F-8B03-DFEAD370ED92}"
EndProject
Global
	GlobalSection(SolutionConfigurationPlatforms) = preSolution
		Debug|Any CPU = Debug|Any CPU
		Release|Any CPU = Release|Any CPU
	EndGlobalSection
	GlobalSection(ProjectConfigurationPlatforms) = postSolution
		{9BD61E01-19BC-447C-A0E1-4093B2490DD0}.Debug|Any CPU.ActiveCfg = Debug|Any CPU
		{9BD61E01-19BC-447C-A0E1-4093B2490DD0}.Debug|Any CPU.Build.0 = Debug|Any CPU
		{9BD61E01-19BC-447C-A0E1-4093B2490DD0}.Release|Any CPU.ActiveCfg = Release|Any CPU
		{9BD61E01-19BC-447C-A0E1-4093B2490DD0}.Release|Any CPU.Build.0 = Release|Any CPU
		{ED5D430F-E0FB-488F-8B03-DFEAD370ED92}.Debug|Any CPU.ActiveCfg = Debug|Any CPU
		{ED5D430F-E0FB-488F-8B03-DFEAD370ED92}.Debug|Any CPU.Build.0 = Debug|Any CPU
		{ED5D430F-E0FB-488F-8B03-DFEAD370ED92}.Release|Any CPU.ActiveCfg = Release|Any CPU
		{ED5D430F-E0FB-488F-8B03-DFEAD370ED92}.Release|Any CPU.Build.0 = Release|Any CPU
	EndGlobalSection
	GlobalSection(SolutionProperties) = preSolution
		HideSolutionNode = FALSE
	EndGlobalSection
	GlobalSection(ExtensibilityGlobals) = postSolution
		SolutionGuid = {74E390D2-11D3-4813-9988-08FA7B38CF8A}
	EndGlobalSection
EndGlobal
